# This file is automatically @generated by Cargo.
# It is not intended for manual editing.
version = 4

[[package]]
name = "bitflags"
version = "2.9.1"
source = "registry+https://github.com/rust-lang/crates.io-index"
checksum = "1b8e56985ec62d17e9c1001dc89c88ecd7dc08e47eba5ec7c29c7b5eeecde967"

[[package]]
name = "rust-controller"
version = "0.1.0"
dependencies = [
 "wit-bindgen-rt",
]

[[package]]
name = "wit-bindgen-rt"
version = "0.43.0"
source = "registry+https://github.com/rust-lang/crates.io-index"
checksum = "9fd734226eac1fd7c450956964e3a9094c9cee65e9dafdf126feef8c0096db65"
dependencies = [
 "bitflags",
]
